// !$*UTF8*$!
{
	archiveVersion = 1;
	classes = {
	};
	objectVersion = 46;
	objects = {

/* Begin PBXBuildFile section */
		20F28D0E19FBEB0600445A72 /* Foundation.framework in Frameworks */ = {isa = PBXBuildFile; fileRef = 20F28D0D19FBEB0600445A72 /* Foundation.framework */; };
		20F28D1019FBEB0600445A72 /* CoreGraphics.framework in Frameworks */ = {isa = PBXBuildFile; fileRef = 20F28D0F19FBEB0600445A72 /* CoreGraphics.framework */; };
		20F28D1219FBEB0600445A72 /* UIKit.framework in Frameworks */ = {isa = PBXBuildFile; fileRef = 20F28D1119FBEB0600445A72 /* UIKit.framework */; };
		20F28D1819FBEB0600445A72 /* InfoPlist.strings in Resources */ = {isa = PBXBuildFile; fileRef = 20F28D1619FBEB0600445A72 /* InfoPlist.strings */; };
		20F28D1A19FBEB0600445A72 /* main.m in Sources */ = {isa = PBXBuildFile; fileRef = 20F28D1919FBEB0600445A72 /* main.m */; };
		20F28D1E19FBEB0600445A72 /* AppDelegate.m in Sources */ = {isa = PBXBuildFile; fileRef = 20F28D1D19FBEB0600445A72 /* AppDelegate.m */; };
		20F28D2019FBEB0600445A72 /* Images.xcassets in Resources */ = {isa = PBXBuildFile; fileRef = 20F28D1F19FBEB0600445A72 /* Images.xcassets */; };
		20F28D2719FBEB0600445A72 /* XCTest.framework in Frameworks */ = {isa = PBXBuildFile; fileRef = 20F28D2619FBEB0600445A72 /* XCTest.framework */; };
		20F28D2819FBEB0600445A72 /* Foundation.framework in Frameworks */ = {isa = PBXBuildFile; fileRef = 20F28D0D19FBEB0600445A72 /* Foundation.framework */; };
		20F28D2919FBEB0600445A72 /* UIKit.framework in Frameworks */ = {isa = PBXBuildFile; fileRef = 20F28D1119FBEB0600445A72 /* UIKit.framework */; };
		20F28D3119FBEB0600445A72 /* InfoPlist.strings in Resources */ = {isa = PBXBuildFile; fileRef = 20F28D2F19FBEB0600445A72 /* InfoPlist.strings */; };
		20F28D3319FBEB0600445A72 /* QuiltTextTests.m in Sources */ = {isa = PBXBuildFile; fileRef = 20F28D3219FBEB0600445A72 /* QuiltTextTests.m */; };
		20F28D4319FBEB3400445A72 /* TMQuiltViewController.m in Sources */ = {isa = PBXBuildFile; fileRef = 20F28D3E19FBEB3400445A72 /* TMQuiltViewController.m */; };
		20F28D4419FBEB3400445A72 /* TMQuiltView.m in Sources */ = {isa = PBXBuildFile; fileRef = 20F28D4019FBEB3400445A72 /* TMQuiltView.m */; };
		20F28D4519FBEB3400445A72 /* TMQuiltViewCell.m in Sources */ = {isa = PBXBuildFile; fileRef = 20F28D4219FBEB3400445A72 /* TMQuiltViewCell.m */; };
		20F28D4819FBF13900445A72 /* ViewController.m in Sources */ = {isa = PBXBuildFile; fileRef = 20F28D4719FBF13900445A72 /* ViewController.m */; };
		20F28D4B19FBF29C00445A72 /* QuiltPhotoCell.m in Sources */ = {isa = PBXBuildFile; fileRef = 20F28D4A19FBF29C00445A72 /* QuiltPhotoCell.m */; };
		20F28D5719FBF3D200445A72 /* 1.jpeg in Resources */ = {isa = PBXBuildFile; fileRef = 20F28D4D19FBF3D200445A72 /* 1.jpeg */; };
		20F28D5819FBF3D200445A72 /* 2.jpeg in Resources */ = {isa = PBXBuildFile; fileRef = 20F28D4E19FBF3D200445A72 /* 2.jpeg */; };
		20F28D5919FBF3D200445A72 /* 3.jpeg in Resources */ = {isa = PBXBuildFile; fileRef = 20F28D4F19FBF3D200445A72 /* 3.jpeg */; };
		20F28D5A19FBF3D200445A72 /* 4.jpeg in Resources */ = {isa = PBXBuildFile; fileRef = 20F28D5019FBF3D200445A72 /* 4.jpeg */; };
		20F28D5B19FBF3D200445A72 /* 5.jpeg in Resources */ = {isa = PBXBuildFile; fileRef = 20F28D5119FBF3D200445A72 /* 5.jpeg */; };
		20F28D5C19FBF3D200445A72 /* 6.jpeg in Resources */ = {isa = PBXBuildFile; fileRef = 20F28D5219FBF3D200445A72 /* 6.jpeg */; };
		20F28D5D19FBF3D200445A72 /* 7.jpeg in Resources */ = {isa = PBXBuildFile; fileRef = 20F28D5319FBF3D200445A72 /* 7.jpeg */; };
		20F28D5E19FBF3D200445A72 /* 8.jpeg in Resources */ = {isa = PBXBuildFile; fileRef = 20F28D5419FBF3D200445A72 /* 8.jpeg */; };
		20F28D5F19FBF3D200445A72 /* 9.jpeg in Resources */ = {isa = PBXBuildFile; fileRef = 20F28D5519FBF3D200445A72 /* 9.jpeg */; };
		20F28D6019FBF3D200445A72 /* 10.jpeg in Resources */ = {isa = PBXBuildFile; fileRef = 20F28D5619FBF3D200445A72 /* 10.jpeg */; };
/* End PBXBuildFile section */

/* Begin PBXContainerItemProxy section */
		20F28D2A19FBEB0600445A72 /* PBXContainerItemProxy */ = {
			isa = PBXContainerItemProxy;
			containerPortal = 20F28D0219FBEB0600445A72 /* Project object */;
			proxyType = 1;
			remoteGlobalIDString = 20F28D0919FBEB0600445A72;
			remoteInfo = QuiltText;
		};
/* End PBXContainerItemProxy section */

/* Begin PBXFileReference section */
		20F28D0A19FBEB0600445A72 /* QuiltText.app */ = {isa = PBXFileReference; explicitFileType = wrapper.application; includeInIndex = 0; path = QuiltText.app; sourceTree = BUILT_PRODUCTS_DIR; };
		20F28D0D19FBEB0600445A72 /* Foundation.framework */ = {isa = PBXFileReference; lastKnownFileType = wrapper.framework; name = Foundation.framework; path = System/Library/Frameworks/Foundation.framework; sourceTree = SDKROOT; };
		20F28D0F19FBEB0600445A72 /* CoreGraphics.framework */ = {isa = PBXFileReference; lastKnownFileType = wrapper.framework; name = CoreGraphics.framework; path = System/Library/Frameworks/CoreGraphics.framework; sourceTree = SDKROOT; };
		20F28D1119FBEB0600445A72 /* UIKit.framework */ = {isa = PBXFileReference; lastKnownFileType = wrapper.framework; name = UIKit.framework; path = System/Library/Frameworks/UIKit.framework; sourceTree = SDKROOT; };
		20F28D1519FBEB0600445A72 /* QuiltText-Info.plist */ = {isa = PBXFileReference; lastKnownFileType = text.plist.xml; path = "QuiltText-Info.plist"; sourceTree = "<group>"; };
		20F28D1719FBEB0600445A72 /* en */ = {isa = PBXFileReference; lastKnownFileType = text.plist.strings; name = en; path = en.lproj/InfoPlist.strings; sourceTree = "<group>"; };
		20F28D1919FBEB0600445A72 /* main.m */ = {isa = PBXFileReference; lastKnownFileType = sourcecode.c.objc; path = main.m; sourceTree = "<group>"; };
		20F28D1B19FBEB0600445A72 /* QuiltText-Prefix.pch */ = {isa = PBXFileReference; lastKnownFileType = sourcecode.c.h; path = "QuiltText-Prefix.pch"; sourceTree = "<group>"; };
		20F28D1C19FBEB0600445A72 /* AppDelegate.h */ = {isa = PBXFileReference; lastKnownFileType = sourcecode.c.h; path = AppDelegate.h; sourceTree = "<group>"; };
		20F28D1D19FBEB0600445A72 /* AppDelegate.m */ = {isa = PBXFileReference; lastKnownFileType = sourcecode.c.objc; path = AppDelegate.m; sourceTree = "<group>"; };
		20F28D1F19FBEB0600445A72 /* Images.xcassets */ = {isa = PBXFileReference; lastKnownFileType = folder.assetcatalog; path = Images.xcassets; sourceTree = "<group>"; };
		20F28D2519FBEB0600445A72 /* QuiltTextTests.xctest */ = {isa = PBXFileReference; explicitFileType = wrapper.cfbundle; includeInIndex = 0; path = QuiltTextTests.xctest; sourceTree = BUILT_PRODUCTS_DIR; };
		20F28D2619FBEB0600445A72 /* XCTest.framework */ = {isa = PBXFileReference; lastKnownFileType = wrapper.framework; name = XCTest.framework; path = Library/Frameworks/XCTest.framework; sourceTree = DEVELOPER_DIR; };
		20F28D2E19FBEB0600445A72 /* QuiltTextTests-Info.plist */ = {isa = PBXFileReference; lastKnownFileType = text.plist.xml; path = "QuiltTextTests-Info.plist"; sourceTree = "<group>"; };
		20F28D3019FBEB0600445A72 /* en */ = {isa = PBXFileReference; lastKnownFileType = text.plist.strings; name = en; path = en.lproj/InfoPlist.strings; sourceTree = "<group>"; };
		20F28D3219FBEB0600445A72 /* QuiltTextTests.m */ = {isa = PBXFileReference; lastKnownFileType = sourcecode.c.objc; path = QuiltTextTests.m; sourceTree = "<group>"; };
		20F28D3D19FBEB3400445A72 /* TMQuiltViewController.h */ = {isa = PBXFileReference; fileEncoding = 4; lastKnownFileType = sourcecode.c.h; path = TMQuiltViewController.h; sourceTree = "<group>"; };
		20F28D3E19FBEB3400445A72 /* TMQuiltViewController.m */ = {isa = PBXFileReference; fileEncoding = 4; lastKnownFileType = sourcecode.c.objc; path = TMQuiltViewController.m; sourceTree = "<group>"; };
		20F28D3F19FBEB3400445A72 /* TMQuiltView.h */ = {isa = PBXFileReference; fileEncoding = 4; lastKnownFileType = sourcecode.c.h; path = TMQuiltView.h; sourceTree = "<group>"; };
		20F28D4019FBEB3400445A72 /* TMQuiltView.m */ = {isa = PBXFileReference; fileEncoding = 4; lastKnownFileType = sourcecode.c.objc; path = TMQuiltView.m; sourceTree = "<group>"; };
		20F28D4119FBEB3400445A72 /* TMQuiltViewCell.h */ = {isa = PBXFileReference; fileEncoding = 4; lastKnownFileType = sourcecode.c.h; path = TMQuiltViewCell.h; sourceTree = "<group>"; };
		20F28D4219FBEB3400445A72 /* TMQuiltViewCell.m */ = {isa = PBXFileReference; fileEncoding = 4; lastKnownFileType = sourcecode.c.objc; path = TMQuiltViewCell.m; sourceTree = "<group>"; };
		20F28D4619FBF13900445A72 /* ViewController.h */ = {isa = PBXFileReference; fileEncoding = 4; lastKnownFileType = sourcecode.c.h; path = ViewController.h; sourceTree = "<group>"; };
		20F28D4719FBF13900445A72 /* ViewController.m */ = {isa = PBXFileReference; fileEncoding = 4; lastKnownFileType = sourcecode.c.objc; path = ViewController.m; sourceTree = "<group>"; };
		20F28D4919FBF29C00445A72 /* QuiltPhotoCell.h */ = {isa = PBXFileReference; fileEncoding = 4; lastKnownFileType = sourcecode.c.h; path = QuiltPhotoCell.h; sourceTree = "<group>"; };
		20F28D4A19FBF29C00445A72 /* QuiltPhotoCell.m */ = {isa = PBXFileReference; fileEncoding = 4; lastKnownFileType = sourcecode.c.objc; path = QuiltPhotoCell.m; sourceTree = "<group>"; };
		20F28D4D19FBF3D200445A72 /* 1.jpeg */ = {isa = PBXFileReference; lastKnownFileType = image.jpeg; path = 1.jpeg; sourceTree = "<group>"; };
		20F28D4E19FBF3D200445A72 /* 2.jpeg */ = {isa = PBXFileReference; lastKnownFileType = image.jpeg; path = 2.jpeg; sourceTree = "<group>"; };
		20F28D4F19FBF3D200445A72 /* 3.jpeg */ = {isa = PBXFileReference; lastKnownFileType = image.jpeg; path = 3.jpeg; sourceTree = "<group>"; };
		20F28D5019FBF3D200445A72 /* 4.jpeg */ = {isa = PBXFileReference; lastKnownFileType = image.jpeg; path = 4.jpeg; sourceTree = "<group>"; };
		20F28D5119FBF3D200445A72 /* 5.jpeg */ = {isa = PBXFileReference; lastKnownFileType = image.jpeg; path = 5.jpeg; sourceTree = "<group>"; };
		20F28D5219FBF3D200445A72 /* 6.jpeg */ = {isa = PBXFileReference; lastKnownFileType = image.jpeg; path = 6.jpeg; sourceTree = "<group>"; };
		20F28D5319FBF3D200445A72 /* 7.jpeg */ = {isa = PBXFileReference; lastKnownFileType = image.jpeg; path = 7.jpeg; sourceTree = "<group>"; };
		20F28D5419FBF3D200445A72 /* 8.jpeg */ = {isa = PBXFileReference; lastKnownFileType = image.jpeg; path = 8.jpeg; sourceTree = "<group>"; };
		20F28D5519FBF3D200445A72 /* 9.jpeg */ = {isa = PBXFileReference; lastKnownFileType = image.jpeg; path = 9.jpeg; sourceTree = "<group>"; };
		20F28D5619FBF3D200445A72 /* 10.jpeg */ = {isa = PBXFileReference; lastKnownFileType = image.jpeg; path = 10.jpeg; sourceTree = "<group>"; };
/* End PBXFileReference section */

/* Begin PBXFrameworksBuildPhase section */
		20F28D0719FBEB0600445A72 /* Frameworks */ = {
			isa = PBXFrameworksBuildPhase;
			buildActionMask = 2147483647;
			files = (
				20F28D1019FBEB0600445A72 /* CoreGraphics.framework in Frameworks */,
				20F28D1219FBEB0600445A72 /* UIKit.framework in Frameworks */,
				20F28D0E19FBEB0600445A72 /* Foundation.framework in Frameworks */,
			);
			runOnlyForDeploymentPostprocessing = 0;
		};
		20F28D2219FBEB0600445A72 /* Frameworks */ = {
			isa = PBXFrameworksBuildPhase;
			buildActionMask = 2147483647;
			files = (
				20F28D2719FBEB0600445A72 /* XCTest.framework in Frameworks */,
				20F28D2919FBEB0600445A72 /* UIKit.framework in Frameworks */,
				20F28D2819FBEB0600445A72 /* Foundation.framework in Frameworks */,
			);
			runOnlyForDeploymentPostprocessing = 0;
		};
/* End PBXFrameworksBuildPhase section */

/* Begin PBXGroup section */
		20F28D0119FBEB0600445A72 = {
			isa = PBXGroup;
			children = (
				20F28D1319FBEB0600445A72 /* QuiltText */,
				20F28D2C19FBEB0600445A72 /* QuiltTextTests */,
				20F28D0C19FBEB0600445A72 /* Frameworks */,
				20F28D0B19FBEB0600445A72 /* Products */,
			);
			sourceTree = "<group>";
		};
		20F28D0B19FBEB0600445A72 /* Products */ = {
			isa = PBXGroup;
			children = (
				20F28D0A19FBEB0600445A72 /* QuiltText.app */,
				20F28D2519FBEB0600445A72 /* QuiltTextTests.xctest */,
			);
			name = Products;
			sourceTree = "<group>";
		};
		20F28D0C19FBEB0600445A72 /* Frameworks */ = {
			isa = PBXGroup;
			children = (
				20F28D0D19FBEB0600445A72 /* Foundation.framework */,
				20F28D0F19FBEB0600445A72 /* CoreGraphics.framework */,
				20F28D1119FBEB0600445A72 /* UIKit.framework */,
				20F28D2619FBEB0600445A72 /* XCTest.framework */,
			);
			name = Frameworks;
			sourceTree = "<group>";
		};
		20F28D1319FBEB0600445A72 /* QuiltText */ = {
			isa = PBXGroup;
			children = (
				20F28D3C19FBEB1200445A72 /* QuiltView */,
				20F28D4619FBF13900445A72 /* ViewController.h */,
				20F28D4719FBF13900445A72 /* ViewController.m */,
				20F28D4919FBF29C00445A72 /* QuiltPhotoCell.h */,
				20F28D4A19FBF29C00445A72 /* QuiltPhotoCell.m */,
				20F28D1C19FBEB0600445A72 /* AppDelegate.h */,
				20F28D1D19FBEB0600445A72 /* AppDelegate.m */,
				20F28D1F19FBEB0600445A72 /* Images.xcassets */,
				20F28D1419FBEB0600445A72 /* Supporting Files */,
			);
			path = QuiltText;
			sourceTree = "<group>";
		};
		20F28D1419FBEB0600445A72 /* Supporting Files */ = {
			isa = PBXGroup;
			children = (
				20F28D4C19FBF3C100445A72 /* images */,
				20F28D1519FBEB0600445A72 /* QuiltText-Info.plist */,
				20F28D1619FBEB0600445A72 /* InfoPlist.strings */,
				20F28D1919FBEB0600445A72 /* main.m */,
				20F28D1B19FBEB0600445A72 /* QuiltText-Prefix.pch */,
			);
			name = "Supporting Files";
			sourceTree = "<group>";
		};
		20F28D2C19FBEB0600445A72 /* QuiltTextTests */ = {
			isa = PBXGroup;
			children = (
				20F28D3219FBEB0600445A72 /* QuiltTextTests.m */,
				20F28D2D19FBEB0600445A72 /* Supporting Files */,
			);
			path = QuiltTextTests;
			sourceTree = "<group>";
		};
		20F28D2D19FBEB0600445A72 /* Supporting Files */ = {
			isa = PBXGroup;
			children = (
				20F28D2E19FBEB0600445A72 /* QuiltTextTests-Info.plist */,
				20F28D2F19FBEB0600445A72 /* InfoPlist.strings */,
			);
			name = "Supporting Files";
			sourceTree = "<group>";
		};
		20F28D3C19FBEB1200445A72 /* QuiltView */ = {
			isa = PBXGroup;
			children = (
				20F28D3D19FBEB3400445A72 /* TMQuiltViewController.h */,
				20F28D3E19FBEB3400445A72 /* TMQuiltViewController.m */,
				20F28D3F19FBEB3400445A72 /* TMQuiltView.h */,
				20F28D4019FBEB3400445A72 /* TMQuiltView.m */,
				20F28D4119FBEB3400445A72 /* TMQuiltViewCell.h */,
				20F28D4219FBEB3400445A72 /* TMQuiltViewCell.m */,
			);
			name = QuiltView;
			sourceTree = "<group>";
		};
		20F28D4C19FBF3C100445A72 /* images */ = {
			isa = PBXGroup;
			children = (
				20F28D4D19FBF3D200445A72 /* 1.jpeg */,
				20F28D4E19FBF3D200445A72 /* 2.jpeg */,
				20F28D4F19FBF3D200445A72 /* 3.jpeg */,
				20F28D5019FBF3D200445A72 /* 4.jpeg */,
				20F28D5119FBF3D200445A72 /* 5.jpeg */,
				20F28D5219FBF3D200445A72 /* 6.jpeg */,
				20F28D5319FBF3D200445A72 /* 7.jpeg */,
				20F28D5419FBF3D200445A72 /* 8.jpeg */,
				20F28D5519FBF3D200445A72 /* 9.jpeg */,
				20F28D5619FBF3D200445A72 /* 10.jpeg */,
			);
			name = images;
			sourceTree = "<group>";
		};
/* End PBXGroup section */

/* Begin PBXNativeTarget section */
		20F28D0919FBEB0600445A72 /* QuiltText */ = {
			isa = PBXNativeTarget;
			buildConfigurationList = 20F28D3619FBEB0600445A72 /* Build configuration list for PBXNativeTarget "QuiltText" */;
			buildPhases = (
				20F28D0619FBEB0600445A72 /* Sources */,
				20F28D0719FBEB0600445A72 /* Frameworks */,
				20F28D0819FBEB0600445A72 /* Resources */,
			);
			buildRules = (
			);
			dependencies = (
			);
			name = QuiltText;
			productName = QuiltText;
			productReference = 20F28D0A19FBEB0600445A72 /* QuiltText.app */;
			productType = "com.apple.product-type.application";
		};
		20F28D2419FBEB0600445A72 /* QuiltTextTests */ = {
			isa = PBXNativeTarget;
			buildConfigurationList = 20F28D3919FBEB0600445A72 /* Build configuration list for PBXNativeTarget "QuiltTextTests" */;
			buildPhases = (
				20F28D2119FBEB0600445A72 /* Sources */,
				20F28D2219FBEB0600445A72 /* Frameworks */,
				20F28D2319FBEB0600445A72 /* Resources */,
			);
			buildRules = (
			);
			dependencies = (
				20F28D2B19FBEB0600445A72 /* PBXTargetDependency */,
			);
			name = QuiltTextTests;
			productName = QuiltTextTests;
			productReference = 20F28D2519FBEB0600445A72 /* QuiltTextTests.xctest */;
			productType = "com.apple.product-type.bundle.unit-test";
		};
/* End PBXNativeTarget section */

/* Begin PBXProject section */
		20F28D0219FBEB0600445A72 /* Project object */ = {
			isa = PBXProject;
			attributes = {
				LastUpgradeCheck = 0510;
				ORGANIZATIONNAME = com.zhaoqihao;
				TargetAttributes = {
					20F28D2419FBEB0600445A72 = {
						TestTargetID = 20F28D0919FBEB0600445A72;
					};
				};
			};
			buildConfigurationList = 20F28D0519FBEB0600445A72 /* Build configuration list for PBXProject "QuiltText" */;
			compatibilityVersion = "Xcode 3.2";
			developmentRegion = English;
			hasScannedForEncodings = 0;
			knownRegions = (
				en,
			);
			mainGroup = 20F28D0119FBEB0600445A72;
			productRefGroup = 20F28D0B19FBEB0600445A72 /* Products */;
			projectDirPath = "";
			projectRoot = "";
			targets = (
				20F28D0919FBEB0600445A72 /* QuiltText */,
				20F28D2419FBEB0600445A72 /* QuiltTextTests */,
			);
		};
/* End PBXProject section */

/* Begin PBXResourcesBuildPhase section */
		20F28D0819FBEB0600445A72 /* Resources */ = {
			isa = PBXResourcesBuildPhase;
			buildActionMask = 2147483647;
			files = (
				20F28D6019FBF3D200445A72 /* 10.jpeg in Resources */,
				20F28D5E19FBF3D200445A72 /* 8.jpeg in Resources */,
				20F28D5C19FBF3D200445A72 /* 6.jpeg in Resources */,
				20F28D5D19FBF3D200445A72 /* 7.jpeg in Resources */,
				20F28D5F19FBF3D200445A72 /* 9.jpeg in Resources */,
				20F28D5919FBF3D200445A72 /* 3.jpeg in Resources */,
				20F28D5819FBF3D200445A72 /* 2.jpeg in Resources */,
				20F28D1819FBEB0600445A72 /* InfoPlist.strings in Resources */,
				20F28D5B19FBF3D200445A72 /* 5.jpeg in Resources */,
				20F28D5719FBF3D200445A72 /* 1.jpeg in Resources */,
				20F28D5A19FBF3D200445A72 /* 4.jpeg in Resources */,
				20F28D2019FBEB0600445A72 /* Images.xcassets in Resources */,
			);
			runOnlyForDeploymentPostprocessing = 0;
		};
		20F28D2319FBEB0600445A72 /* Resources */ = {
			isa = PBXResourcesBuildPhase;
			buildActionMask = 2147483647;
			files = (
				20F28D3119FBEB0600445A72 /* InfoPlist.strings in Resources */,
			);
			runOnlyForDeploymentPostprocessing = 0;
		};
/* End PBXResourcesBuildPhase section */

/* Begin PBXSourcesBuildPhase section */
		20F28D0619FBEB0600445A72 /* Sources */ = {
			isa = PBXSourcesBuildPhase;
			buildActionMask = 2147483647;
			files = (
				20F28D4819FBF13900445A72 /* ViewController.m in Sources */,
				20F28D1E19FBEB0600445A72 /* AppDelegate.m in Sources */,
				20F28D1A19FBEB0600445A72 /* main.m in Sources */,
				20F28D4B19FBF29C00445A72 /* QuiltPhotoCell.m in Sources */,
				20F28D4319FBEB3400445A72 /* TMQuiltViewController.m in Sources */,
				20F28D4519FBEB3400445A72 /* TMQuiltViewCell.m in Sources */,
				20F28D4419FBEB3400445A72 /* TMQuiltView.m in Sources */,
			);
			runOnlyForDeploymentPostprocessing = 0;
		};
		20F28D2119FBEB0600445A72 /* Sources */ = {
			isa = PBXSourcesBuildPhase;
			buildActionMask = 2147483647;
			files = (
				20F28D3319FBEB0600445A72 /* QuiltTextTests.m in Sources */,
			);
			runOnlyForDeploymentPostprocessing = 0;
		};
/* End PBXSourcesBuildPhase section */

/* Begin PBXTargetDependency section */
		20F28D2B19FBEB0600445A72 /* PBXTargetDependency */ = {
			isa = PBXTargetDependency;
			target = 20F28D0919FBEB0600445A72 /* QuiltText */;
			targetProxy = 20F28D2A19FBEB0600445A72 /* PBXContainerItemProxy */;
		};
/* End PBXTargetDependency section */

/* Begin PBXVariantGroup section */
		20F28D1619FBEB0600445A72 /* InfoPlist.strings */ = {
			isa = PBXVariantGroup;
			children = (
				20F28D1719FBEB0600445A72 /* en */,
			);
			name = InfoPlist.strings;
			sourceTree = "<group>";
		};
		20F28D2F19FBEB0600445A72 /* InfoPlist.strings */ = {
			isa = PBXVariantGroup;
			children = (
				20F28D3019FBEB0600445A72 /* en */,
			);
			name = InfoPlist.strings;
			sourceTree = "<group>";
		};
/* End PBXVariantGroup section */

/* Begin XCBuildConfiguration section */
		20F28D3419FBEB0600445A72 /* Debug */ = {
			isa = XCBuildConfiguration;
			buildSettings = {
				ALWAYS_SEARCH_USER_PATHS = NO;
				CLANG_CXX_LANGUAGE_STANDARD = "gnu++0x";
				CLANG_CXX_LIBRARY = "libc++";
				CLANG_ENABLE_MODULES = YES;
				CLANG_ENABLE_OBJC_ARC = YES;
				CLANG_WARN_BOOL_CONVERSION = YES;
				CLANG_WARN_CONSTANT_CONVERSION = YES;
				CLANG_WARN_DIRECT_OBJC_ISA_USAGE = YES_ERROR;
				CLANG_WARN_EMPTY_BODY = YES;
				CLANG_WARN_ENUM_CONVERSION = YES;
				CLANG_WARN_INT_CONVERSION = YES;
				CLANG_WARN_OBJC_ROOT_CLASS = YES_ERROR;
				CLANG_WARN__DUPLICATE_METHOD_MATCH = YES;
				"CODE_SIGN_IDENTITY[sdk=iphoneos*]" = "iPhone Developer";
				COPY_PHASE_STRIP = NO;
				GCC_C_LANGUAGE_STANDARD = gnu99;
				GCC_DYNAMIC_NO_PIC = NO;
				GCC_OPTIMIZATION_LEVEL = 0;
				GCC_PREPROCESSOR_DEFINITIONS = (
					"DEBUG=1",
					"$(inherited)",
				);
				GCC_SYMBOLS_PRIVATE_EXTERN = NO;
				GCC_WARN_64_TO_32_BIT_CONVERSION = YES;
				GCC_WARN_ABOUT_RETURN_TYPE = YES_ERROR;
				GCC_WARN_UNDECLARED_SELECTOR = YES;
				GCC_WARN_UNINITIALIZED_AUTOS = YES_AGGRESSIVE;
				GCC_WARN_UNUSED_FUNCTION = YES;
				GCC_WARN_UNUSED_VARIABLE = YES;
				IPHONEOS_DEPLOYMENT_TARGET = 7.1;
				ONLY_ACTIVE_ARCH = YES;
				SDKROOT = iphoneos;
			};
			name = Debug;
		};
		20F28D3519FBEB0600445A72 /* Release */ = {
			isa = XCBuildConfiguration;
			buildSettings = {
				ALWAYS_SEARCH_USER_PATHS = NO;
				CLANG_CXX_LANGUAGE_STANDARD = "gnu++0x";
				CLANG_CXX_LIBRARY = "libc++";
				CLANG_ENABLE_MODULES = YES;
				CLANG_ENABLE_OBJC_ARC = YES;
				CLANG_WARN_BOOL_CONVERSION = YES;
				CLANG_WARN_CONSTANT_CONVERSION = YES;
				CLANG_WARN_DIRECT_OBJC_ISA_USAGE = YES_ERROR;
				CLANG_WARN_EMPTY_BODY = YES;
				CLANG_WARN_ENUM_CONVERSION = YES;
				CLANG_WARN_INT_CONVERSION = YES;
				CLANG_WARN_OBJC_ROOT_CLASS = YES_ERROR;
				CLANG_WARN__DUPLICATE_METHOD_MATCH = YES;
				"CODE_SIGN_IDENTITY[sdk=iphoneos*]" = "iPhone Developer";
				COPY_PHASE_STRIP = YES;
				ENABLE_NS_ASSERTIONS = NO;
				GCC_C_LANGUAGE_STANDARD = gnu99;
				GCC_WARN_64_TO_32_BIT_CONVERSION = YES;
				GCC_WARN_ABOUT_RETURN_TYPE = YES_ERROR;
				GCC_WARN_UNDECLARED_SELECTOR = YES;
				GCC_WARN_UNINITIALIZED_AUTOS = YES_AGGRESSIVE;
				GCC_WARN_UNUSED_FUNCTION = YES;
				GCC_WARN_UNUSED_VARIABLE = YES;
				IPHONEOS_DEPLOYMENT_TARGET = 7.1;
				SDKROOT = iphoneos;
				VALIDATE_PRODUCT = YES;
			};
			name = Release;
		};
		20F28D3719FBEB0600445A72 /* Debug */ = {
			isa = XCBuildConfiguration;
			buildSettings = {
				ASSETCATALOG_COMPILER_APPICON_NAME = AppIcon;
				ASSETCATALOG_COMPILER_LAUNCHIMAGE_NAME = LaunchImage;
				GCC_INPUT_FILETYPE = automatic;
				GCC_PRECOMPILE_PREFIX_HEADER = YES;
				GCC_PREFIX_HEADER = "QuiltText/QuiltText-Prefix.pch";
				INFOPLIST_FILE = "QuiltText/QuiltText-Info.plist";
				PRODUCT_NAME = "$(TARGET_NAME)";
				WRAPPER_EXTENSION = app;
			};
			name = Debug;
		};
		20F28D3819FBEB0600445A72 /* Release */ = {
			isa = XCBuildConfiguration;
			buildSettings = {
				ASSETCATALOG_COMPILER_APPICON_NAME = AppIcon;
				ASSETCATALOG_COMPILER_LAUNCHIMAGE_NAME = LaunchImage;
				GCC_INPUT_FILETYPE = automatic;
				GCC_PRECOMPILE_PREFIX_HEADER = YES;
				GCC_PREFIX_HEADER = "QuiltText/QuiltText-Prefix.pch";
				INFOPLIST_FILE = "QuiltText/QuiltText-Info.plist";
				PRODUCT_NAME = "$(TARGET_NAME)";
				WRAPPER_EXTENSION = app;
			};
			name = Release;
		};
		20F28D3A19FBEB0600445A72 /* Debug */ = {
			isa = XCBuildConfiguration;
			buildSettings = {
				BUNDLE_LOADER = "$(BUILT_PRODUCTS_DIR)/QuiltText.app/QuiltText";
				FRAMEWORK_SEARCH_PATHS = (
					"$(SDKROOT)/Developer/Library/Frameworks",
					"$(inherited)",
					"$(DEVELOPER_FRAMEWORKS_DIR)",
				);
				GCC_PRECOMPILE_PREFIX_HEADER = YES;
				GCC_PREFIX_HEADER = "QuiltText/QuiltText-Prefix.pch";
				GCC_PREPROCESSOR_DEFINITIONS = (
					"DEBUG=1",
					"$(inherited)",
				);
				INFOPLIST_FILE = "QuiltTextTests/QuiltTextTests-Info.plist";
				PRODUCT_NAME = "$(TARGET_NAME)";
				TEST_HOST = "$(BUNDLE_LOADER)";
				WRAPPER_EXTENSION = xctest;
			};
			name = Debug;
		};
		20F28D3B19FBEB0600445A72 /* Release */ = {
			isa = XCBuildConfiguration;
			buildSettings = {
				BUNDLE_LOADER = "$(BUILT_PRODUCTS_DIR)/QuiltText.app/QuiltText";
				FRAMEWORK_SEARCH_PATHS = (
					"$(SDKROOT)/Developer/Library/Frameworks",
					"$(inherited)",
					"$(DEVELOPER_FRAMEWORKS_DIR)",
				);
				GCC_PRECOMPILE_PREFIX_HEADER = YES;
				GCC_PREFIX_HEADER = "QuiltText/QuiltText-Prefix.pch";
				INFOPLIST_FILE = "QuiltTextTests/QuiltTextTests-Info.plist";
				PRODUCT_NAME = "$(TARGET_NAME)";
				TEST_HOST = "$(BUNDLE_LOADER)";
				WRAPPER_EXTENSION = xctest;
			};
			name = Release;
		};
/* End XCBuildConfiguration section */

/* Begin XCConfigurationList section */
		20F28D0519FBEB0600445A72 /* Build configuration list for PBXProject "QuiltText" */ = {
			isa = XCConfigurationList;
			buildConfigurations = (
				20F28D3419FBEB0600445A72 /* Debug */,
				20F28D3519FBEB0600445A72 /* Release */,
			);
			defaultConfigurationIsVisible = 0;
			defaultConfigurationName = Release;
		};
		20F28D3619FBEB0600445A72 /* Build configuration list for PBXNativeTarget "QuiltText" */ = {
			isa = XCConfigurationList;
			buildConfigurations = (
				20F28D3719FBEB0600445A72 /* Debug */,
				20F28D3819FBEB0600445A72 /* Release */,
			);
			defaultConfigurationIsVisible = 0;
			defaultConfigurationName = Release;
		};
		20F28D3919FBEB0600445A72 /* Build configuration list for PBXNativeTarget "QuiltTextTests" */ = {
			isa = XCConfigurationList;
			buildConfigurations = (
				20F28D3A19FBEB0600445A72 /* Debug */,
				20F28D3B19FBEB0600445A72 /* Release */,
			);
			defaultConfigurationIsVisible = 0;
			defaultConfigurationName = Release;
		};
/* End XCConfigurationList section */
	};
	rootObject = 20F28D0219FBEB0600445A72 /* Project object */;
}
